
Microsoft Visual Studio Solution File, Format Version 12.00
# Visual Studio 15
VisualStudioVersion = 15.0.28307.271
MinimumVisualStudioVersion = 10.0.40219.1
Project("{FAE04EC0-301F-11D3-BF4B-00C04F79EFBC}") = "UrgentContracts", "UrgentContracts.csproj", "{AC63C0FA-AD38-44C7-9F2D-BC044913E7A9}"
EndProject
Global
	GlobalSection(SolutionConfigurationPlatforms) = preSolution
		Debug|Any CPU = Debug|Any CPU
		Release|Any CPU = Release|Any CPU
	EndGlobalSection
	GlobalSection(ProjectConfigurationPlatforms) = postSolution
		{AC63C0FA-AD38-44C7-9F2D-BC044913E7A9}.Debug|Any CPU.ActiveCfg = Debug|Any CPU
		{AC63C0FA-AD38-44C7-9F2D-BC044913E7A9}.Debug|Any CPU.Build.0 = Debug|Any CPU
		{AC63C0FA-AD38-44C7-9F2D-BC044913E7A9}.Release|Any CPU.ActiveCfg = Release|Any CPU
		{AC63C0FA-AD38-44C7-9F2D-BC044913E7A9}.Release|Any CPU.Build.0 = Release|Any CPU
	EndGlobalSection
	GlobalSection(SolutionProperties) = preSolution
		HideSolutionNode = FALSE
	EndGlobalSection
	GlobalSection(ExtensibilityGlobals) = postSolution
		SolutionGuid = {500B5954-0D59-4F25-A124-4A813DF0A7D1}
	EndGlobalSection
EndGlobal
